{
  "name": "bitcoins",
  "version": "0.6.1",
  "lockfileVersion": 1,
  "dependencies": {
    "@types/colors": {
      "version": "1.1.3",
      "resolved": "https://registry.npmjs.org/@types/colors/-/colors-1.1.3.tgz",
      "integrity": "sha1-VBOwp6GxbdGL4OP9V9L+7Mgcx3Y=",
      "dev": true
    },
    "@types/node": {
      "version": "7.0.31",
      "resolved": "https://registry.npmjs.org/@types/node/-/node-7.0.31.tgz",
      "integrity": "sha512-+KrE1LDddn97ip+gXZAnzNQ0pupKH/6tcKwTpo96BDVNpzmhIKGHug0Wd3H0dN4WEqYB1tXYI5m2mZuIZNI8tg==",
      "dev": true
    },
    "@types/node-fetch": {
      "version": "1.6.7",
      "resolved": "https://registry.npmjs.org/@types/node-fetch/-/node-fetch-1.6.7.tgz",
      "integrity": "sha1-UhB46PDGmhWOUCIAWsqS0mIPbVc=",
      "dev": true
    },
    "@types/readline-sync": {
      "version": "1.4.2",
      "resolved": "https://registry.npmjs.org/@types/readline-sync/-/readline-sync-1.4.2.tgz",
      "integrity": "sha1-UWtfTyUFNAYra7CK6DZ6CI3Pc58=",
      "dev": true
    },
    "array-back": {
      "version": "1.0.4",
      "resolved": "https://registry.npmjs.org/array-back/-/array-back-1.0.4.tgz",
      "integrity": "sha1-ZEun8JX3/898Q7Xw3DnTwfA8Bjs="
    },
    "colors": {
      "version": "1.1.2",
      "resolved": "https://registry.npmjs.org/colors/-/colors-1.1.2.tgz",
      "integrity": "sha1-FopHAXVran9RoSzgyXv6KMCE7WM="
    },
    "command-line-args": {
      "version": "4.0.6",
      "resolved": "https://registry.npmjs.org/command-line-args/-/command-line-args-4.0.6.tgz",
      "integrity": "sha1-D/h6HdFZiQ3K6yoAWr2uceVQWfw="
    },
    "command-line-commands": {
      "version": "2.0.0",
      "resolved": "https://registry.npmjs.org/command-line-commands/-/command-line-commands-2.0.0.tgz",
      "integrity": "sha1-Gr2hFjPo03vLGjn3O42Tmi2F7zk="
    },
    "encoding": {
      "version": "0.1.12",
      "resolved": "https://registry.npmjs.org/encoding/-/encoding-0.1.12.tgz",
      "integrity": "sha1-U4tm8+5izRq1HsMjgp0flIDHS+s="
    },
    "find-replace": {
      "version": "1.0.3",
      "resolved": "https://registry.npmjs.org/find-replace/-/find-replace-1.0.3.tgz",
      "integrity": "sha1-uI5zZNLZyVlVnziMZmcNYTBEH6A="
    },
    "iconv-lite": {
      "version": "0.4.17",
      "resolved": "https://registry.npmjs.org/iconv-lite/-/iconv-lite-0.4.17.tgz",
      "integrity": "sha1-T9qjs4rLwsAxsEXQ7c3+HsqxjI0="
    },
    "is-stream": {
      "version": "1.1.0",
      "resolved": "https://registry.npmjs.org/is-stream/-/is-stream-1.1.0.tgz",
      "integrity": "sha1-EtSj3U5o4Lec6428hBc66A2RykQ="
    },
    "node-fetch": {
      "version": "1.7.1",
      "resolved": "https://registry.npmjs.org/node-fetch/-/node-fetch-1.7.1.tgz",
      "integrity": "sha512-j8XsFGCLw79vWXkZtMSmmLaOk9z5SQ9bV/tkbZVCqvgwzrjAGq66igobLofHtF63NvMTp2WjytpsNTGKa+XRIQ=="
    },
    "readline-sync": {
      "version": "1.4.7",
      "resolved": "https://registry.npmjs.org/readline-sync/-/readline-sync-1.4.7.tgz",
      "integrity": "sha1-ABv91MBhEMPAhMY798alYCIhPzA="
    },
    "test-value": {
      "version": "2.1.0",
      "resolved": "https://registry.npmjs.org/test-value/-/test-value-2.1.0.tgz",
      "integrity": "sha1-Edpv9nDzRxpztiXKTz/c97t0gpE="
    },
    "typical": {
      "version": "2.6.1",
      "resolved": "https://registry.npmjs.org/typical/-/typical-2.6.1.tgz",
      "integrity": "sha1-XAgOXWYcu+OCWdLnCjxyU+hziB0="
    }
  }
}
